
Microsoft Visual Studio Solution File, Format Version 11.00
# Visual Studio 2010
Project("{8BC9CEB8-8B4A-11D0-8D11-00A0C91BC942}") = "GPMap", "GPMap\GPMap.vcxproj", "{A0CCC49A-AE4C-48D9-84C3-162401096984}"
EndProject
Project("{8BC9CEB8-8B4A-11D0-8D11-00A0C91BC942}") = "GPMap_Test", "GPMap_Test\GPMap_Test.vcxproj", "{E90410CE-2959-4AD0-9471-E9D20A5ACA90}"
EndProject
Project("{8BC9CEB8-8B4A-11D0-8D11-00A0C91BC942}") = "GPMap - Laptop", "GPMap\GPMap - Laptop.vcxproj", "{21678A1B-7E06-43D1-BFF7-B814EAA1B037}"
EndProject
Project("{2150E333-8FDC-42A3-9474-1A3956D46DE8}") = "Laptop", "Laptop", "{1A772F48-E478-42E9-AC31-5CCD9C0B1CDC}"
EndProject
Project("{2150E333-8FDC-42A3-9474-1A3956D46DE8}") = "Desktop", "Desktop", "{D92AC802-A26D-4D5A-94ED-97B84F406407}"
EndProject
Project("{8BC9CEB8-8B4A-11D0-8D11-00A0C91BC942}") = "GPMap_Test - Laptop", "GPMap_Test\GPMap_Test - Laptop.vcxproj", "{5BE6E81D-F163-41E0-A935-500DADF0DF68}"
EndProject
Project("{2150E333-8FDC-42A3-9474-1A3956D46DE8}") = "Bunny", "Bunny", "{D565F8AA-B8ED-4C81-A5F7-F19DC54EA7B8}"
EndProject
Project("{8BC9CEB8-8B4A-11D0-8D11-00A0C91BC942}") = "[01] GPMap - Bunny - Data Preprocessing", "GPMap\[01] GPMap - Bunny - Data Preprocessing.vcxproj", "{89D365F9-E7BA-4018-8B49-4E975AA366A2}"
EndProject
Project("{8BC9CEB8-8B4A-11D0-8D11-00A0C91BC942}") = "[02] GPMap - Bunny - OctoMap", "GPMap\[02] GPMap - Bunny - OctoMap.vcxproj", "{32C303F4-3B87-46B5-A976-F7AF3DEBCAB3}"
EndProject
Project("{8BC9CEB8-8B4A-11D0-8D11-00A0C91BC942}") = "[03] GPMap - Bunny - GPMap", "GPMap\[03] GPMap - Bunny - GPMap.vcxproj", "{421773B0-2FCC-4FBE-AEEF-37185D3C6EFB}"
EndProject
Project("{8BC9CEB8-8B4A-11D0-8D11-00A0C91BC942}") = "[04] GPMap - Bunny - GPMap - Surface", "GPMap\[04] GPMap - Bunny - GPMap - Surface.vcxproj", "{A2140F49-3A7D-4284-A70D-7CF54DBDE0A6}"
EndProject
Project("{8BC9CEB8-8B4A-11D0-8D11-00A0C91BC942}") = "[05] GPMap - Bunny - GPMap - Octree", "GPMap\[05] GPMap - Bunny - GPMap - Octree.vcxproj", "{6A24DA45-A54F-4922-91A9-8D4DA5B527BE}"
EndProject
Project("{8BC9CEB8-8B4A-11D0-8D11-00A0C91BC942}") = "[00] GPMap - Bunny - Data Viewer", "GPMap\[00] GPMap - Bunny - Data Viewer.vcxproj", "{880568F4-F2DE-4CB7-8C5E-9DCECAD7772C}"
EndProject
Global
	GlobalSection(SolutionConfigurationPlatforms) = preSolution
		Debug|Win32 = Debug|Win32
		Release|Win32 = Release|Win32
	EndGlobalSection
	GlobalSection(ProjectConfigurationPlatforms) = postSolution
		{A0CCC49A-AE4C-48D9-84C3-162401096984}.Debug|Win32.ActiveCfg = Debug|Win32
		{A0CCC49A-AE4C-48D9-84C3-162401096984}.Debug|Win32.Build.0 = Debug|Win32
		{A0CCC49A-AE4C-48D9-84C3-162401096984}.Release|Win32.ActiveCfg = Release|Win32
		{A0CCC49A-AE4C-48D9-84C3-162401096984}.Release|Win32.Build.0 = Release|Win32
		{E90410CE-2959-4AD0-9471-E9D20A5ACA90}.Debug|Win32.ActiveCfg = Debug|Win32
		{E90410CE-2959-4AD0-9471-E9D20A5ACA90}.Debug|Win32.Build.0 = Debug|Win32
		{E90410CE-2959-4AD0-9471-E9D20A5ACA90}.Release|Win32.ActiveCfg = Release|Win32
		{E90410CE-2959-4AD0-9471-E9D20A5ACA90}.Release|Win32.Build.0 = Release|Win32
		{21678A1B-7E06-43D1-BFF7-B814EAA1B037}.Debug|Win32.ActiveCfg = Debug|Win32
		{21678A1B-7E06-43D1-BFF7-B814EAA1B037}.Debug|Win32.Build.0 = Debug|Win32
		{21678A1B-7E06-43D1-BFF7-B814EAA1B037}.Release|Win32.ActiveCfg = Release|Win32
		{21678A1B-7E06-43D1-BFF7-B814EAA1B037}.Release|Win32.Build.0 = Release|Win32
		{5BE6E81D-F163-41E0-A935-500DADF0DF68}.Debug|Win32.ActiveCfg = Debug|Win32
		{5BE6E81D-F163-41E0-A935-500DADF0DF68}.Debug|Win32.Build.0 = Debug|Win32
		{5BE6E81D-F163-41E0-A935-500DADF0DF68}.Release|Win32.ActiveCfg = Release|Win32
		{5BE6E81D-F163-41E0-A935-500DADF0DF68}.Release|Win32.Build.0 = Release|Win32
		{89D365F9-E7BA-4018-8B49-4E975AA366A2}.Debug|Win32.ActiveCfg = Debug|Win32
		{89D365F9-E7BA-4018-8B49-4E975AA366A2}.Debug|Win32.Build.0 = Debug|Win32
		{89D365F9-E7BA-4018-8B49-4E975AA366A2}.Release|Win32.ActiveCfg = Release|Win32
		{89D365F9-E7BA-4018-8B49-4E975AA366A2}.Release|Win32.Build.0 = Release|Win32
		{32C303F4-3B87-46B5-A976-F7AF3DEBCAB3}.Debug|Win32.ActiveCfg = Debug|Win32
		{32C303F4-3B87-46B5-A976-F7AF3DEBCAB3}.Debug|Win32.Build.0 = Debug|Win32
		{32C303F4-3B87-46B5-A976-F7AF3DEBCAB3}.Release|Win32.ActiveCfg = Release|Win32
		{32C303F4-3B87-46B5-A976-F7AF3DEBCAB3}.Release|Win32.Build.0 = Release|Win32
		{421773B0-2FCC-4FBE-AEEF-37185D3C6EFB}.Debug|Win32.ActiveCfg = Debug|Win32
		{421773B0-2FCC-4FBE-AEEF-37185D3C6EFB}.Debug|Win32.Build.0 = Debug|Win32
		{421773B0-2FCC-4FBE-AEEF-37185D3C6EFB}.Release|Win32.ActiveCfg = Release|Win32
		{421773B0-2FCC-4FBE-AEEF-37185D3C6EFB}.Release|Win32.Build.0 = Release|Win32
		{A2140F49-3A7D-4284-A70D-7CF54DBDE0A6}.Debug|Win32.ActiveCfg = Debug|Win32
		{A2140F49-3A7D-4284-A70D-7CF54DBDE0A6}.Debug|Win32.Build.0 = Debug|Win32
		{A2140F49-3A7D-4284-A70D-7CF54DBDE0A6}.Release|Win32.ActiveCfg = Release|Win32
		{A2140F49-3A7D-4284-A70D-7CF54DBDE0A6}.Release|Win32.Build.0 = Release|Win32
		{6A24DA45-A54F-4922-91A9-8D4DA5B527BE}.Debug|Win32.ActiveCfg = Debug|Win32
		{6A24DA45-A54F-4922-91A9-8D4DA5B527BE}.Debug|Win32.Build.0 = Debug|Win32
		{6A24DA45-A54F-4922-91A9-8D4DA5B527BE}.Release|Win32.ActiveCfg = Release|Win32
		{6A24DA45-A54F-4922-91A9-8D4DA5B527BE}.Release|Win32.Build.0 = Release|Win32
		{880568F4-F2DE-4CB7-8C5E-9DCECAD7772C}.Debug|Win32.ActiveCfg = Debug|Win32
		{880568F4-F2DE-4CB7-8C5E-9DCECAD7772C}.Debug|Win32.Build.0 = Debug|Win32
		{880568F4-F2DE-4CB7-8C5E-9DCECAD7772C}.Release|Win32.ActiveCfg = Release|Win32
		{880568F4-F2DE-4CB7-8C5E-9DCECAD7772C}.Release|Win32.Build.0 = Release|Win32
	EndGlobalSection
	GlobalSection(SolutionProperties) = preSolution
		HideSolutionNode = FALSE
	EndGlobalSection
	GlobalSection(NestedProjects) = preSolution
		{E90410CE-2959-4AD0-9471-E9D20A5ACA90} = {D92AC802-A26D-4D5A-94ED-97B84F406407}
		{A0CCC49A-AE4C-48D9-84C3-162401096984} = {D92AC802-A26D-4D5A-94ED-97B84F406407}
		{21678A1B-7E06-43D1-BFF7-B814EAA1B037} = {1A772F48-E478-42E9-AC31-5CCD9C0B1CDC}
		{5BE6E81D-F163-41E0-A935-500DADF0DF68} = {1A772F48-E478-42E9-AC31-5CCD9C0B1CDC}
		{D565F8AA-B8ED-4C81-A5F7-F19DC54EA7B8} = {1A772F48-E478-42E9-AC31-5CCD9C0B1CDC}
		{89D365F9-E7BA-4018-8B49-4E975AA366A2} = {D565F8AA-B8ED-4C81-A5F7-F19DC54EA7B8}
		{32C303F4-3B87-46B5-A976-F7AF3DEBCAB3} = {D565F8AA-B8ED-4C81-A5F7-F19DC54EA7B8}
		{421773B0-2FCC-4FBE-AEEF-37185D3C6EFB} = {D565F8AA-B8ED-4C81-A5F7-F19DC54EA7B8}
		{A2140F49-3A7D-4284-A70D-7CF54DBDE0A6} = {D565F8AA-B8ED-4C81-A5F7-F19DC54EA7B8}
		{6A24DA45-A54F-4922-91A9-8D4DA5B527BE} = {D565F8AA-B8ED-4C81-A5F7-F19DC54EA7B8}
		{880568F4-F2DE-4CB7-8C5E-9DCECAD7772C} = {D565F8AA-B8ED-4C81-A5F7-F19DC54EA7B8}
	EndGlobalSection
EndGlobal
