<?xml version="1.0" encoding="utf-8"?>
<Project ToolsVersion="4.0" xmlns="http://schemas.microsoft.com/developer/msbuild/2003">
  <ItemGroup>
    <Filter Include="test">
      <UniqueIdentifier>{ebe9e39a-690c-435e-8846-e687724fb9ab}</UniqueIdentifier>
    </Filter>
    <Filter Include="test\bcm">
      <UniqueIdentifier>{66a1bdf7-0fe2-4e0a-9139-2262cb297727}</UniqueIdentifier>
    </Filter>
    <Filter Include="test\data">
      <UniqueIdentifier>{cfefd5e3-7bcc-4f5b-b5f7-7fdb99af3195}</UniqueIdentifier>
    </Filter>
    <Filter Include="test\serialization">
      <UniqueIdentifier>{181ed445-03d2-4e9d-a1f1-dfb37d803b55}</UniqueIdentifier>
    </Filter>
  </ItemGroup>
  <ItemGroup>
    <ClInclude Include="..\..\test\data\test_test_data.hpp">
      <Filter>test\data</Filter>
    </ClInclude>
    <ClInclude Include="..\..\test\bcm\test_bcm.hpp">
      <Filter>test\bcm</Filter>
    </ClInclude>
    <ClInclude Include="..\..\test\serialization\test_eigen_serialization.hpp">
      <Filter>test\serialization</Filter>
    </ClInclude>
    <ClInclude Include="..\..\test\bcm\test_bcm_serializable.hpp">
      <Filter>test\bcm</Filter>
    </ClInclude>
  </ItemGroup>
  <ItemGroup>
    <ClCompile Include="..\..\test\test.cpp" />
  </ItemGroup>
</Project>